
Microsoft Visual Studio Solution File, Format Version 12.00
# Visual Studio 2013
VisualStudioVersion = 12.0.40629.0
MinimumVisualStudioVersion = 10.0.40219.1
Project("{2150E333-8FDC-42A3-9474-1A3956D46DE8}") = "Common(基础架构)", "Common(基础架构)", "{831A5912-AE5C-489A-9431-D5D3C30EB7F1}"
EndProject
Project("{2150E333-8FDC-42A3-9474-1A3956D46DE8}") = "Service(服务层 业务逻辑和API接口)", "Service(服务层 业务逻辑和API接口)", "{235D64F3-3467-44CC-B6F7-2A85861A8963}"
EndProject
Project("{2150E333-8FDC-42A3-9474-1A3956D46DE8}") = "UI(界面)", "UI(界面)", "{4EE49AAE-8053-4C7B-9E44-DF3C6E241CAF}"
EndProject
Project("{2150E333-8FDC-42A3-9474-1A3956D46DE8}") = "Repository(数据仓储)", "Repository(数据仓储)", "{034DEEE1-B842-4412-A0AF-53D006ABA425}"
EndProject
Project("{FAE04EC0-301F-11D3-BF4B-00C04F79EFBC}") = "Web", "Web\Web.csproj", "{E785A397-8F24-46E8-8DAB-5F38D82F1ED6}"
EndProject
Project("{FAE04EC0-301F-11D3-BF4B-00C04F79EFBC}") = "Web.Logic", "Web.Logic\Web.Logic.csproj", "{45A6BF94-A3FA-4B69-9A14-81088074AD62}"
EndProject
Project("{FAE04EC0-301F-11D3-BF4B-00C04F79EFBC}") = "IBLL", "IBLL\IBLL.csproj", "{82D047C8-E8B4-4BB7-B574-90A698284A1D}"
EndProject
Project("{FAE04EC0-301F-11D3-BF4B-00C04F79EFBC}") = "BLL", "BLL\BLL.csproj", "{4541783A-29D8-488B-9D66-3A54E492E3B8}"
EndProject
Project("{FAE04EC0-301F-11D3-BF4B-00C04F79EFBC}") = "Common", "Common\Common.csproj", "{425EC6C7-BE8B-43C3-9B2F-484213A9F471}"
EndProject
Project("{FAE04EC0-301F-11D3-BF4B-00C04F79EFBC}") = "DI", "DI\DI.csproj", "{E4ABF9AF-2674-4423-A122-27F8FA5CFDB7}"
EndProject
Project("{FAE04EC0-301F-11D3-BF4B-00C04F79EFBC}") = "Model", "Model\Model.csproj", "{D4CA7D6A-2B47-4A99-A263-5B962A4CD548}"
EndProject
Project("{FAE04EC0-301F-11D3-BF4B-00C04F79EFBC}") = "DAL", "DAL\DAL.csproj", "{014C6FCD-80F5-4068-8981-E43D009CCF95}"
EndProject
Project("{FAE04EC0-301F-11D3-BF4B-00C04F79EFBC}") = "IDAL", "IDAL\IDAL.csproj", "{D16FC7F1-8ABF-4C3F-8B98-3CC51EE8AD31}"
EndProject
Global
	GlobalSection(SolutionConfigurationPlatforms) = preSolution
		Debug|Any CPU = Debug|Any CPU
		Release|Any CPU = Release|Any CPU
	EndGlobalSection
	GlobalSection(ProjectConfigurationPlatforms) = postSolution
		{E785A397-8F24-46E8-8DAB-5F38D82F1ED6}.Debug|Any CPU.ActiveCfg = Debug|Any CPU
		{E785A397-8F24-46E8-8DAB-5F38D82F1ED6}.Debug|Any CPU.Build.0 = Debug|Any CPU
		{E785A397-8F24-46E8-8DAB-5F38D82F1ED6}.Release|Any CPU.ActiveCfg = Release|Any CPU
		{E785A397-8F24-46E8-8DAB-5F38D82F1ED6}.Release|Any CPU.Build.0 = Release|Any CPU
		{45A6BF94-A3FA-4B69-9A14-81088074AD62}.Debug|Any CPU.ActiveCfg = Debug|Any CPU
		{45A6BF94-A3FA-4B69-9A14-81088074AD62}.Debug|Any CPU.Build.0 = Debug|Any CPU
		{45A6BF94-A3FA-4B69-9A14-81088074AD62}.Release|Any CPU.ActiveCfg = Release|Any CPU
		{45A6BF94-A3FA-4B69-9A14-81088074AD62}.Release|Any CPU.Build.0 = Release|Any CPU
		{82D047C8-E8B4-4BB7-B574-90A698284A1D}.Debug|Any CPU.ActiveCfg = Debug|Any CPU
		{82D047C8-E8B4-4BB7-B574-90A698284A1D}.Debug|Any CPU.Build.0 = Debug|Any CPU
		{82D047C8-E8B4-4BB7-B574-90A698284A1D}.Release|Any CPU.ActiveCfg = Release|Any CPU
		{82D047C8-E8B4-4BB7-B574-90A698284A1D}.Release|Any CPU.Build.0 = Release|Any CPU
		{4541783A-29D8-488B-9D66-3A54E492E3B8}.Debug|Any CPU.ActiveCfg = Debug|Any CPU
		{4541783A-29D8-488B-9D66-3A54E492E3B8}.Debug|Any CPU.Build.0 = Debug|Any CPU
		{4541783A-29D8-488B-9D66-3A54E492E3B8}.Release|Any CPU.ActiveCfg = Release|Any CPU
		{4541783A-29D8-488B-9D66-3A54E492E3B8}.Release|Any CPU.Build.0 = Release|Any CPU
		{425EC6C7-BE8B-43C3-9B2F-484213A9F471}.Debug|Any CPU.ActiveCfg = Debug|Any CPU
		{425EC6C7-BE8B-43C3-9B2F-484213A9F471}.Debug|Any CPU.Build.0 = Debug|Any CPU
		{425EC6C7-BE8B-43C3-9B2F-484213A9F471}.Release|Any CPU.ActiveCfg = Release|Any CPU
		{425EC6C7-BE8B-43C3-9B2F-484213A9F471}.Release|Any CPU.Build.0 = Release|Any CPU
		{E4ABF9AF-2674-4423-A122-27F8FA5CFDB7}.Debug|Any CPU.ActiveCfg = Debug|Any CPU
		{E4ABF9AF-2674-4423-A122-27F8FA5CFDB7}.Debug|Any CPU.Build.0 = Debug|Any CPU
		{E4ABF9AF-2674-4423-A122-27F8FA5CFDB7}.Release|Any CPU.ActiveCfg = Release|Any CPU
		{E4ABF9AF-2674-4423-A122-27F8FA5CFDB7}.Release|Any CPU.Build.0 = Release|Any CPU
		{D4CA7D6A-2B47-4A99-A263-5B962A4CD548}.Debug|Any CPU.ActiveCfg = Debug|Any CPU
		{D4CA7D6A-2B47-4A99-A263-5B962A4CD548}.Debug|Any CPU.Build.0 = Debug|Any CPU
		{D4CA7D6A-2B47-4A99-A263-5B962A4CD548}.Release|Any CPU.ActiveCfg = Release|Any CPU
		{D4CA7D6A-2B47-4A99-A263-5B962A4CD548}.Release|Any CPU.Build.0 = Release|Any CPU
		{014C6FCD-80F5-4068-8981-E43D009CCF95}.Debug|Any CPU.ActiveCfg = Debug|Any CPU
		{014C6FCD-80F5-4068-8981-E43D009CCF95}.Debug|Any CPU.Build.0 = Debug|Any CPU
		{014C6FCD-80F5-4068-8981-E43D009CCF95}.Release|Any CPU.ActiveCfg = Release|Any CPU
		{014C6FCD-80F5-4068-8981-E43D009CCF95}.Release|Any CPU.Build.0 = Release|Any CPU
		{D16FC7F1-8ABF-4C3F-8B98-3CC51EE8AD31}.Debug|Any CPU.ActiveCfg = Debug|Any CPU
		{D16FC7F1-8ABF-4C3F-8B98-3CC51EE8AD31}.Debug|Any CPU.Build.0 = Debug|Any CPU
		{D16FC7F1-8ABF-4C3F-8B98-3CC51EE8AD31}.Release|Any CPU.ActiveCfg = Release|Any CPU
		{D16FC7F1-8ABF-4C3F-8B98-3CC51EE8AD31}.Release|Any CPU.Build.0 = Release|Any CPU
	EndGlobalSection
	GlobalSection(SolutionProperties) = preSolution
		HideSolutionNode = FALSE
	EndGlobalSection
	GlobalSection(NestedProjects) = preSolution
		{E785A397-8F24-46E8-8DAB-5F38D82F1ED6} = {4EE49AAE-8053-4C7B-9E44-DF3C6E241CAF}
		{45A6BF94-A3FA-4B69-9A14-81088074AD62} = {4EE49AAE-8053-4C7B-9E44-DF3C6E241CAF}
		{82D047C8-E8B4-4BB7-B574-90A698284A1D} = {235D64F3-3467-44CC-B6F7-2A85861A8963}
		{4541783A-29D8-488B-9D66-3A54E492E3B8} = {235D64F3-3467-44CC-B6F7-2A85861A8963}
		{425EC6C7-BE8B-43C3-9B2F-484213A9F471} = {831A5912-AE5C-489A-9431-D5D3C30EB7F1}
		{E4ABF9AF-2674-4423-A122-27F8FA5CFDB7} = {831A5912-AE5C-489A-9431-D5D3C30EB7F1}
		{D4CA7D6A-2B47-4A99-A263-5B962A4CD548} = {831A5912-AE5C-489A-9431-D5D3C30EB7F1}
		{014C6FCD-80F5-4068-8981-E43D009CCF95} = {034DEEE1-B842-4412-A0AF-53D006ABA425}
		{D16FC7F1-8ABF-4C3F-8B98-3CC51EE8AD31} = {034DEEE1-B842-4412-A0AF-53D006ABA425}
	EndGlobalSection
EndGlobal
